{
  "pins" : [
    {
      "identity" : "q20kshare",
      "kind" : "remoteSourceControl",
      "location" : "https://github.com/billdonner/q20kshare",
      "state" : {
        "revision" : "eaee0525430bfd06a6d1f62abcb6a4727bc4fbdc",
        "version" : "0.4.93"
      }
    },
    {
      "identity" : "swift-argument-parser",
      "kind" : "remoteSourceControl",
      "location" : "https://github.com/apple/swift-argument-parser.git",
      "state" : {
        "revision" : "8f4d2753f0e4778c76d5f05ad16c74f707390531",
        "version" : "1.2.3"
      }
    }
  ],
  "version" : 2
}
